
Microsoft Visual Studio Solution File, Format Version 12.00
# Visual Studio 15
VisualStudioVersion = 15.0.27703.2026
MinimumVisualStudioVersion = 10.0.40219.1
Project("{2150E333-8FDC-42A3-9474-1A3956D46DE8}") = ".paket", ".paket", "{C430C4E7-C075-4F88-92EA-D8076ED06406}"
	ProjectSection(SolutionItems) = preProject
		..\paket.dependencies = ..\paket.dependencies
	EndProjectSection
EndProject
Project("{9A19103F-16F7-4668-BE54-9A1E7A4F7556}") = "WebhookRelay.Net.Receiver", "WebhookRelay.Net.Receiver\WebhookRelay.Net.Receiver.csproj", "{C5F2ADB2-2E22-424A-812A-5E3EB3DD0AC9}"
EndProject
Project("{FAE04EC0-301F-11D3-BF4B-00C04F79EFBC}") = "WebhookRelay.Net.Models", "WebhookRelay.Net.Models\WebhookRelay.Net.Models.csproj", "{BFE03353-430E-4147-A133-0DC85AA6059B}"
EndProject
Project("{FAE04EC0-301F-11D3-BF4B-00C04F79EFBC}") = "WebhookRelay.Net.Distributor", "WebhookRelay.Net.Distributor\WebhookRelay.Net.Distributor.csproj", "{D6B43488-63DF-4007-AA6D-D96983122624}"
EndProject
Global
	GlobalSection(SolutionConfigurationPlatforms) = preSolution
		Debug|Any CPU = Debug|Any CPU
		Release|Any CPU = Release|Any CPU
	EndGlobalSection
	GlobalSection(ProjectConfigurationPlatforms) = postSolution
		{C5F2ADB2-2E22-424A-812A-5E3EB3DD0AC9}.Debug|Any CPU.ActiveCfg = Debug|Any CPU
		{C5F2ADB2-2E22-424A-812A-5E3EB3DD0AC9}.Debug|Any CPU.Build.0 = Debug|Any CPU
		{C5F2ADB2-2E22-424A-812A-5E3EB3DD0AC9}.Release|Any CPU.ActiveCfg = Release|Any CPU
		{C5F2ADB2-2E22-424A-812A-5E3EB3DD0AC9}.Release|Any CPU.Build.0 = Release|Any CPU
		{BFE03353-430E-4147-A133-0DC85AA6059B}.Debug|Any CPU.ActiveCfg = Debug|Any CPU
		{BFE03353-430E-4147-A133-0DC85AA6059B}.Debug|Any CPU.Build.0 = Debug|Any CPU
		{BFE03353-430E-4147-A133-0DC85AA6059B}.Release|Any CPU.ActiveCfg = Release|Any CPU
		{BFE03353-430E-4147-A133-0DC85AA6059B}.Release|Any CPU.Build.0 = Release|Any CPU
		{D6B43488-63DF-4007-AA6D-D96983122624}.Debug|Any CPU.ActiveCfg = Debug|Any CPU
		{D6B43488-63DF-4007-AA6D-D96983122624}.Debug|Any CPU.Build.0 = Debug|Any CPU
		{D6B43488-63DF-4007-AA6D-D96983122624}.Release|Any CPU.ActiveCfg = Release|Any CPU
		{D6B43488-63DF-4007-AA6D-D96983122624}.Release|Any CPU.Build.0 = Release|Any CPU
	EndGlobalSection
	GlobalSection(SolutionProperties) = preSolution
		HideSolutionNode = FALSE
	EndGlobalSection
	GlobalSection(ExtensibilityGlobals) = postSolution
		SolutionGuid = {D324310F-9298-4FB1-B17B-47129BC04C81}
	EndGlobalSection
EndGlobal
